
Microsoft Visual Studio Solution File, Format Version 12.00
# Visual Studio Version 17
VisualStudioVersion = 17.5.002.0
MinimumVisualStudioVersion = 10.0.40219.1
Project("{9A19103F-16F7-4668-BE54-9A1E7A4F7556}") = "DesafioProjetoHospedagem", "DesafioProjetoHospedagem.csproj", "{D6D6B69A-7DB2-4946-9DDE-89FB6A3463D0}"
EndProject
Global
	GlobalSection(SolutionConfigurationPlatforms) = preSolution
		Debug|Any CPU = Debug|Any CPU
		Release|Any CPU = Release|Any CPU
	EndGlobalSection
	GlobalSection(ProjectConfigurationPlatforms) = postSolution
		{D6D6B69A-7DB2-4946-9DDE-89FB6A3463D0}.Debug|Any CPU.ActiveCfg = Debug|Any CPU
		{D6D6B69A-7DB2-4946-9DDE-89FB6A3463D0}.Debug|Any CPU.Build.0 = Debug|Any CPU
		{D6D6B69A-7DB2-4946-9DDE-89FB6A3463D0}.Release|Any CPU.ActiveCfg = Release|Any CPU
		{D6D6B69A-7DB2-4946-9DDE-89FB6A3463D0}.Release|Any CPU.Build.0 = Release|Any CPU
	EndGlobalSection
	GlobalSection(SolutionProperties) = preSolution
		HideSolutionNode = FALSE
	EndGlobalSection
	GlobalSection(ExtensibilityGlobals) = postSolution
		SolutionGuid = {42F2C9FC-4221-4E17-AE4C-F015B9B79B6D}
	EndGlobalSection
EndGlobal
